
Microsoft Visual Studio Solution File, Format Version 12.00
# Visual Studio Version 17
VisualStudioVersion = 17.1.32421.90
MinimumVisualStudioVersion = 10.0.40219.1
Project("{FAE04EC0-301F-11D3-BF4B-00C04F79EFBC}") = "FileHandling", "FileHandling.csproj", "{C6D8F518-E7F6-4F1A-B892-762F65249C1F}"
EndProject
Global
	GlobalSection(SolutionConfigurationPlatforms) = preSolution
		Debug|Any CPU = Debug|Any CPU
		Release|Any CPU = Release|Any CPU
	EndGlobalSection
	GlobalSection(ProjectConfigurationPlatforms) = postSolution
		{C6D8F518-E7F6-4F1A-B892-762F65249C1F}.Debug|Any CPU.ActiveCfg = Debug|Any CPU
		{C6D8F518-E7F6-4F1A-B892-762F65249C1F}.Debug|Any CPU.Build.0 = Debug|Any CPU
		{C6D8F518-E7F6-4F1A-B892-762F65249C1F}.Release|Any CPU.ActiveCfg = Release|Any CPU
		{C6D8F518-E7F6-4F1A-B892-762F65249C1F}.Release|Any CPU.Build.0 = Release|Any CPU
	EndGlobalSection
	GlobalSection(SolutionProperties) = preSolution
		HideSolutionNode = FALSE
	EndGlobalSection
	GlobalSection(ExtensibilityGlobals) = postSolution
		SolutionGuid = {1F1D8593-687F-4101-841F-972C5D58DEC4}
	EndGlobalSection
EndGlobal
